
Microsoft Visual Studio Solution File, Format Version 12.00
# Visual Studio Version 17
VisualStudioVersion = 17.10.35122.118
MinimumVisualStudioVersion = 10.0.40219.1
Project("{FAE04EC0-301F-11D3-BF4B-00C04F79EFBC}") = "Application", "Application\Application.csproj", "{D5A0E6D0-573B-418C-9A31-7094FFFEF42F}"
EndProject
Global
	GlobalSection(SolutionConfigurationPlatforms) = preSolution
		Debug|Any CPU = Debug|Any CPU
		Release|Any CPU = Release|Any CPU
	EndGlobalSection
	GlobalSection(ProjectConfigurationPlatforms) = postSolution
		{D5A0E6D0-573B-418C-9A31-7094FFFEF42F}.Debug|Any CPU.ActiveCfg = Debug|Any CPU
		{D5A0E6D0-573B-418C-9A31-7094FFFEF42F}.Debug|Any CPU.Build.0 = Debug|Any CPU
		{D5A0E6D0-573B-418C-9A31-7094FFFEF42F}.Release|Any CPU.ActiveCfg = Release|Any CPU
		{D5A0E6D0-573B-418C-9A31-7094FFFEF42F}.Release|Any CPU.Build.0 = Release|Any CPU
	EndGlobalSection
	GlobalSection(SolutionProperties) = preSolution
		HideSolutionNode = FALSE
	EndGlobalSection
	GlobalSection(ExtensibilityGlobals) = postSolution
		SolutionGuid = {60352539-4E0C-4CE8-AA49-9ECFE8843061}
	EndGlobalSection
EndGlobal
